
Microsoft Visual Studio Solution File, Format Version 12.00
# Visual Studio Version 17
VisualStudioVersion = 17.9.34714.143
MinimumVisualStudioVersion = 10.0.40219.1
Project("{FAE04EC0-301F-11D3-BF4B-00C04F79EFBC}") = "QuickSortApp", "QuickSortApp\QuickSortApp.csproj", "{83AD5A24-6BCC-45A2-AD12-F8803CFB62DD}"
EndProject
Global
	GlobalSection(SolutionConfigurationPlatforms) = preSolution
		Debug|Any CPU = Debug|Any CPU
		Release|Any CPU = Release|Any CPU
	EndGlobalSection
	GlobalSection(ProjectConfigurationPlatforms) = postSolution
		{83AD5A24-6BCC-45A2-AD12-F8803CFB62DD}.Debug|Any CPU.ActiveCfg = Debug|Any CPU
		{83AD5A24-6BCC-45A2-AD12-F8803CFB62DD}.Debug|Any CPU.Build.0 = Debug|Any CPU
		{83AD5A24-6BCC-45A2-AD12-F8803CFB62DD}.Release|Any CPU.ActiveCfg = Release|Any CPU
		{83AD5A24-6BCC-45A2-AD12-F8803CFB62DD}.Release|Any CPU.Build.0 = Release|Any CPU
	EndGlobalSection
	GlobalSection(SolutionProperties) = preSolution
		HideSolutionNode = FALSE
	EndGlobalSection
	GlobalSection(ExtensibilityGlobals) = postSolution
		SolutionGuid = {4DF6DDBE-1A8B-49DD-B08F-DB2723150481}
	EndGlobalSection
EndGlobal
